
Microsoft Visual Studio Solution File, Format Version 12.00
# Visual Studio Version 17
VisualStudioVersion = 17.8.34316.72
MinimumVisualStudioVersion = 10.0.40219.1
Project("{9A19103F-16F7-4668-BE54-9A1E7A4F7556}") = "NestedComboBoxMinSample", "NestedComboBoxMinSample\NestedComboBoxMinSample.csproj", "{AF125E63-B4CE-4050-BEB4-254D0C7731A9}"
EndProject
Project("{9A19103F-16F7-4668-BE54-9A1E7A4F7556}") = "NestedComboBoxMinSample.Desktop", "NestedComboBoxMinSample.Desktop\NestedComboBoxMinSample.Desktop.csproj", "{EC7A2488-847E-42CB-B692-EFBFC4D2F59E}"
EndProject
Global
	GlobalSection(SolutionConfigurationPlatforms) = preSolution
		Debug|Any CPU = Debug|Any CPU
		Release|Any CPU = Release|Any CPU
	EndGlobalSection
	GlobalSection(ProjectConfigurationPlatforms) = postSolution
		{AF125E63-B4CE-4050-BEB4-254D0C7731A9}.Debug|Any CPU.ActiveCfg = Debug|Any CPU
		{AF125E63-B4CE-4050-BEB4-254D0C7731A9}.Debug|Any CPU.Build.0 = Debug|Any CPU
		{AF125E63-B4CE-4050-BEB4-254D0C7731A9}.Release|Any CPU.ActiveCfg = Release|Any CPU
		{AF125E63-B4CE-4050-BEB4-254D0C7731A9}.Release|Any CPU.Build.0 = Release|Any CPU
		{EC7A2488-847E-42CB-B692-EFBFC4D2F59E}.Debug|Any CPU.ActiveCfg = Debug|Any CPU
		{EC7A2488-847E-42CB-B692-EFBFC4D2F59E}.Debug|Any CPU.Build.0 = Debug|Any CPU
		{EC7A2488-847E-42CB-B692-EFBFC4D2F59E}.Release|Any CPU.ActiveCfg = Release|Any CPU
		{EC7A2488-847E-42CB-B692-EFBFC4D2F59E}.Release|Any CPU.Build.0 = Release|Any CPU
	EndGlobalSection
	GlobalSection(SolutionProperties) = preSolution
		HideSolutionNode = FALSE
	EndGlobalSection
	GlobalSection(ExtensibilityGlobals) = postSolution
		SolutionGuid = {0BD597C6-A025-44FF-ACEE-B31BB79FD764}
	EndGlobalSection
EndGlobal
